
Microsoft Visual Studio Solution File, Format Version 12.00
# Visual Studio Version 16
VisualStudioVersion = 16.0.30611.23
MinimumVisualStudioVersion = 10.0.40219.1
Project("{8BC9CEB8-8B4A-11D0-8D11-00A0C91BC942}") = "AppWrapper", "AppWrapper\AppWrapper.vcxproj", "{E58BFCCB-B122-448F-8D7B-78C9B5BC74BB}"
EndProject
Project("{8BC9CEB8-8B4A-11D0-8D11-00A0C91BC942}") = "VAClientLib", "VAClientLib\VAClientLib.vcxproj", "{501D2E4E-DA00-4863-8BB8-FA09F96B2921}"
EndProject
Project("{8BC9CEB8-8B4A-11D0-8D11-00A0C91BC942}") = "ScannerSample", "ScannerSample\ScannerSample.vcxproj", "{60995C58-8619-4EB8-8612-92C6374074C4}"
EndProject
Project("{FAE04EC0-301F-11D3-BF4B-00C04F79EFBC}") = "Aetrex.IPC.cs", "Aetrex.IPC.cs\Aetrex.IPC.cs.csproj", "{74FDDE94-70EA-4104-AAB1-F8CE062BAED4}"
EndProject
Global
	GlobalSection(SolutionConfigurationPlatforms) = preSolution
		Debug|Any CPU = Debug|Any CPU
		Debug|x64 = Debug|x64
		Debug|x86 = Debug|x86
		Release|Any CPU = Release|Any CPU
		Release|x64 = Release|x64
		Release|x86 = Release|x86
	EndGlobalSection
	GlobalSection(ProjectConfigurationPlatforms) = postSolution
		{E58BFCCB-B122-448F-8D7B-78C9B5BC74BB}.Debug|Any CPU.ActiveCfg = Debug|Win32
		{E58BFCCB-B122-448F-8D7B-78C9B5BC74BB}.Debug|x64.ActiveCfg = Debug|x64
		{E58BFCCB-B122-448F-8D7B-78C9B5BC74BB}.Debug|x64.Build.0 = Debug|x64
		{E58BFCCB-B122-448F-8D7B-78C9B5BC74BB}.Debug|x86.ActiveCfg = Debug|Win32
		{E58BFCCB-B122-448F-8D7B-78C9B5BC74BB}.Debug|x86.Build.0 = Debug|Win32
		{E58BFCCB-B122-448F-8D7B-78C9B5BC74BB}.Release|Any CPU.ActiveCfg = Release|Win32
		{E58BFCCB-B122-448F-8D7B-78C9B5BC74BB}.Release|x64.ActiveCfg = Release|x64
		{E58BFCCB-B122-448F-8D7B-78C9B5BC74BB}.Release|x64.Build.0 = Release|x64
		{E58BFCCB-B122-448F-8D7B-78C9B5BC74BB}.Release|x86.ActiveCfg = Release|Win32
		{E58BFCCB-B122-448F-8D7B-78C9B5BC74BB}.Release|x86.Build.0 = Release|Win32
		{501D2E4E-DA00-4863-8BB8-FA09F96B2921}.Debug|Any CPU.ActiveCfg = Debug|Win32
		{501D2E4E-DA00-4863-8BB8-FA09F96B2921}.Debug|x64.ActiveCfg = Debug|x64
		{501D2E4E-DA00-4863-8BB8-FA09F96B2921}.Debug|x64.Build.0 = Debug|x64
		{501D2E4E-DA00-4863-8BB8-FA09F96B2921}.Debug|x86.ActiveCfg = Debug|Win32
		{501D2E4E-DA00-4863-8BB8-FA09F96B2921}.Debug|x86.Build.0 = Debug|Win32
		{501D2E4E-DA00-4863-8BB8-FA09F96B2921}.Release|Any CPU.ActiveCfg = Release|Win32
		{501D2E4E-DA00-4863-8BB8-FA09F96B2921}.Release|x64.ActiveCfg = Release|x64
		{501D2E4E-DA00-4863-8BB8-FA09F96B2921}.Release|x64.Build.0 = Release|x64
		{501D2E4E-DA00-4863-8BB8-FA09F96B2921}.Release|x86.ActiveCfg = Release|Win32
		{501D2E4E-DA00-4863-8BB8-FA09F96B2921}.Release|x86.Build.0 = Release|Win32
		{60995C58-8619-4EB8-8612-92C6374074C4}.Debug|Any CPU.ActiveCfg = Debug|Win32
		{60995C58-8619-4EB8-8612-92C6374074C4}.Debug|x64.ActiveCfg = Debug|x64
		{60995C58-8619-4EB8-8612-92C6374074C4}.Debug|x64.Build.0 = Debug|x64
		{60995C58-8619-4EB8-8612-92C6374074C4}.Debug|x86.ActiveCfg = Debug|Win32
		{60995C58-8619-4EB8-8612-92C6374074C4}.Debug|x86.Build.0 = Debug|Win32
		{60995C58-8619-4EB8-8612-92C6374074C4}.Release|Any CPU.ActiveCfg = Release|Win32
		{60995C58-8619-4EB8-8612-92C6374074C4}.Release|x64.ActiveCfg = Release|x64
		{60995C58-8619-4EB8-8612-92C6374074C4}.Release|x64.Build.0 = Release|x64
		{60995C58-8619-4EB8-8612-92C6374074C4}.Release|x86.ActiveCfg = Release|Win32
		{60995C58-8619-4EB8-8612-92C6374074C4}.Release|x86.Build.0 = Release|Win32
		{74FDDE94-70EA-4104-AAB1-F8CE062BAED4}.Debug|Any CPU.ActiveCfg = Debug|Any CPU
		{74FDDE94-70EA-4104-AAB1-F8CE062BAED4}.Debug|Any CPU.Build.0 = Debug|Any CPU
		{74FDDE94-70EA-4104-AAB1-F8CE062BAED4}.Debug|x64.ActiveCfg = Debug|x64
		{74FDDE94-70EA-4104-AAB1-F8CE062BAED4}.Debug|x64.Build.0 = Debug|x64
		{74FDDE94-70EA-4104-AAB1-F8CE062BAED4}.Debug|x86.ActiveCfg = Debug|Any CPU
		{74FDDE94-70EA-4104-AAB1-F8CE062BAED4}.Debug|x86.Build.0 = Debug|Any CPU
		{74FDDE94-70EA-4104-AAB1-F8CE062BAED4}.Release|Any CPU.ActiveCfg = Release|Any CPU
		{74FDDE94-70EA-4104-AAB1-F8CE062BAED4}.Release|Any CPU.Build.0 = Release|Any CPU
		{74FDDE94-70EA-4104-AAB1-F8CE062BAED4}.Release|x64.ActiveCfg = Release|x64
		{74FDDE94-70EA-4104-AAB1-F8CE062BAED4}.Release|x64.Build.0 = Release|x64
		{74FDDE94-70EA-4104-AAB1-F8CE062BAED4}.Release|x86.ActiveCfg = Release|Any CPU
		{74FDDE94-70EA-4104-AAB1-F8CE062BAED4}.Release|x86.Build.0 = Release|Any CPU
	EndGlobalSection
	GlobalSection(SolutionProperties) = preSolution
		HideSolutionNode = FALSE
	EndGlobalSection
	GlobalSection(ExtensibilityGlobals) = postSolution
		SolutionGuid = {CA451124-C404-4049-9005-6CEBB0CDD596}
	EndGlobalSection
EndGlobal
